{
  "nodes": {
    "nixpkgs": {
      "locked": {
        "lastModified": 1719075281,
        "narHash": "sha256-CyyxvOwFf12I91PBWz43iGT1kjsf5oi6ax7CrvaMyAo=",
        "owner": "nixos",
        "repo": "nixpkgs",
        "rev": "a71e967ef3694799d0c418c98332f7ff4cc5f6af",
        "type": "github"
      },
      "original": {
        "owner": "nixos",
        "ref": "nixos-unstable",
        "repo": "nixpkgs",
        "type": "github"
      }
    },
    "nixpkgs_2": {
      "locked": {
        "lastModified": 1719075281,
        "narHash": "sha256-CyyxvOwFf12I91PBWz43iGT1kjsf5oi6ax7CrvaMyAo=",
        "owner": "nixos",
        "repo": "nixpkgs",
        "rev": "a71e967ef3694799d0c418c98332f7ff4cc5f6af",
        "type": "github"
      },
      "original": {
        "owner": "nixos",
        "ref": "nixos-unstable",
        "repo": "nixpkgs",
        "type": "github"
      }
    },
    "root": {
      "inputs": {
        "nixpkgs": "nixpkgs",
        "tpl2cpp": "tpl2cpp"
      }
    },
    "tpl2cpp": {
      "inputs": {
        "nixpkgs": "nixpkgs_2"
      },
      "locked": {
        "lastModified": 1719200024,
        "narHash": "sha256-YtR5/dfh2i8Mz9o10OQgDVxafaKLTfaoHg9l/YhGV5g=",
        "owner": "alexpbell",
        "repo": "tpl2cpp",
        "rev": "787829dfb1bc7eeec49c9bc4a93b060ab4bca2e2",
        "type": "github"
      },
      "original": {
        "owner": "alexpbell",
        "repo": "tpl2cpp",
        "type": "github"
      }
    }
  },
  "root": "root",
  "version": 7
}
